// !$*UTF8*$!
{
	archiveVersion = 1;
	classes = {
	};
	objectVersion = 46;
	objects = {

/* Begin PBXBuildFile section */
		173C3A1318368921009E2F55 /* EventKit.framework in Frameworks */ = {isa = PBXBuildFile; fileRef = 173C3A1218368921009E2F55 /* EventKit.framework */; };
		173C3A151836896B009E2F55 /* AppKit.framework in Frameworks */ = {isa = PBXBuildFile; fileRef = 17949EA71836793D0091F2EC /* AppKit.framework */; };
		173C3A171836896B009E2F55 /* Foundation.framework in Frameworks */ = {isa = PBXBuildFile; fileRef = 17949EA91836793D0091F2EC /* Foundation.framework */; };
		173C3A1C183689C1009E2F55 /* QuartzCore.framework in Frameworks */ = {isa = PBXBuildFile; fileRef = 173C3A1B183689C1009E2F55 /* QuartzCore.framework */; };
		173C3A1E18368B21009E2F55 /* main.m in Sources */ = {isa = PBXBuildFile; fileRef = 173C3A1D18368B21009E2F55 /* main.m */; };
		177848E218438F32006FC012 /* AddressBook.framework in Frameworks */ = {isa = PBXBuildFile; fileRef = 177848E118438F32006FC012 /* AddressBook.framework */; };
		177ECAE0183692E60030A4F6 /* MainWindow.xib in Resources */ = {isa = PBXBuildFile; fileRef = 177ECADE183692E60030A4F6 /* MainWindow.xib */; };
		177ECAE21837B3360030A4F6 /* README.md in Resources */ = {isa = PBXBuildFile; fileRef = 177ECAE11837B3360030A4F6 /* README.md */; };
		17949EA51836793D0091F2EC /* Cocoa.framework in Frameworks */ = {isa = PBXBuildFile; fileRef = 17949EA41836793D0091F2EC /* Cocoa.framework */; };
		17949EAF1836793D0091F2EC /* InfoPlist.strings in Resources */ = {isa = PBXBuildFile; fileRef = 17949EAD1836793D0091F2EC /* InfoPlist.strings */; };
		17949EB51836793D0091F2EC /* Credits.rtf in Resources */ = {isa = PBXBuildFile; fileRef = 17949EB31836793D0091F2EC /* Credits.rtf */; };
		17949EB81836793D0091F2EC /* DSAppDelegate.m in Sources */ = {isa = PBXBuildFile; fileRef = 17949EB71836793D0091F2EC /* DSAppDelegate.m */; };
		17949EBD1836793D0091F2EC /* Images.xcassets in Resources */ = {isa = PBXBuildFile; fileRef = 17949EBC1836793D0091F2EC /* Images.xcassets */; };
		17949EDA18367F790091F2EC /* EKEvent+NSCoder.m in Sources */ = {isa = PBXBuildFile; fileRef = 17949ED918367F790091F2EC /* EKEvent+NSCoder.m */; };
		17D6BB4A1844BC4800EDD23C /* DSChannelDelegate.m in Sources */ = {isa = PBXBuildFile; fileRef = 17D6BB491844BC4800EDD23C /* DSChannelDelegate.m */; };
		95AB0464756C40D4A3AB6A75 /* libPods.a in Frameworks */ = {isa = PBXBuildFile; fileRef = A5FD9BBF8D6A4D94A8F32C87 /* libPods.a */; };
/* End PBXBuildFile section */

/* Begin PBXFileReference section */
		173C3A11183685E2009E2F55 /* DSProtocol.h */ = {isa = PBXFileReference; fileEncoding = 4; lastKnownFileType = sourcecode.c.h; path = DSProtocol.h; sourceTree = "<group>"; };
		173C3A1218368921009E2F55 /* EventKit.framework */ = {isa = PBXFileReference; lastKnownFileType = wrapper.framework; name = EventKit.framework; path = System/Library/Frameworks/EventKit.framework; sourceTree = SDKROOT; };
		173C3A1B183689C1009E2F55 /* QuartzCore.framework */ = {isa = PBXFileReference; lastKnownFileType = wrapper.framework; name = QuartzCore.framework; path = System/Library/Frameworks/QuartzCore.framework; sourceTree = SDKROOT; };
		173C3A1D18368B21009E2F55 /* main.m */ = {isa = PBXFileReference; fileEncoding = 4; lastKnownFileType = sourcecode.c.objc; name = main.m; path = SupportingFiles/main.m; sourceTree = "<group>"; };
		177848E118438F32006FC012 /* AddressBook.framework */ = {isa = PBXFileReference; lastKnownFileType = wrapper.framework; name = AddressBook.framework; path = System/Library/Frameworks/AddressBook.framework; sourceTree = SDKROOT; };
		177ECADF183692E60030A4F6 /* Base */ = {isa = PBXFileReference; lastKnownFileType = file.xib; name = Base; path = Base.lproj/MainWindow.xib; sourceTree = "<group>"; };
		177ECAE11837B3360030A4F6 /* README.md */ = {isa = PBXFileReference; fileEncoding = 4; lastKnownFileType = text; path = README.md; sourceTree = "<group>"; };
		17949EA11836793D0091F2EC /* DeviceSync.app */ = {isa = PBXFileReference; explicitFileType = wrapper.application; includeInIndex = 0; path = DeviceSync.app; sourceTree = BUILT_PRODUCTS_DIR; };
		17949EA41836793D0091F2EC /* Cocoa.framework */ = {isa = PBXFileReference; lastKnownFileType = wrapper.framework; name = Cocoa.framework; path = System/Library/Frameworks/Cocoa.framework; sourceTree = SDKROOT; };
		17949EA71836793D0091F2EC /* AppKit.framework */ = {isa = PBXFileReference; lastKnownFileType = wrapper.framework; name = AppKit.framework; path = System/Library/Frameworks/AppKit.framework; sourceTree = SDKROOT; };
		17949EA91836793D0091F2EC /* Foundation.framework */ = {isa = PBXFileReference; lastKnownFileType = wrapper.framework; name = Foundation.framework; path = System/Library/Frameworks/Foundation.framework; sourceTree = SDKROOT; };
		17949EAC1836793D0091F2EC /* DeviceSync-Info.plist */ = {isa = PBXFileReference; lastKnownFileType = text.plist.xml; name = "DeviceSync-Info.plist"; path = "SupportingFiles/DeviceSync-Info.plist"; sourceTree = "<group>"; };
		17949EAE1836793D0091F2EC /* en */ = {isa = PBXFileReference; lastKnownFileType = text.plist.strings; name = en; path = en.lproj/InfoPlist.strings; sourceTree = "<group>"; };
		17949EB21836793D0091F2EC /* DeviceSync-Prefix.pch */ = {isa = PBXFileReference; lastKnownFileType = sourcecode.c.h; name = "DeviceSync-Prefix.pch"; path = "SupportingFiles/DeviceSync-Prefix.pch"; sourceTree = "<group>"; };
		17949EB41836793D0091F2EC /* en */ = {isa = PBXFileReference; lastKnownFileType = text.rtf; name = en; path = en.lproj/Credits.rtf; sourceTree = "<group>"; };
		17949EB61836793D0091F2EC /* DSAppDelegate.h */ = {isa = PBXFileReference; lastKnownFileType = sourcecode.c.h; lineEnding = 0; path = DSAppDelegate.h; sourceTree = "<group>"; xcLanguageSpecificationIdentifier = xcode.lang.objcpp; };
		17949EB71836793D0091F2EC /* DSAppDelegate.m */ = {isa = PBXFileReference; lastKnownFileType = sourcecode.c.objc; lineEnding = 0; path = DSAppDelegate.m; sourceTree = "<group>"; xcLanguageSpecificationIdentifier = xcode.lang.objc; };
		17949EBC1836793D0091F2EC /* Images.xcassets */ = {isa = PBXFileReference; lastKnownFileType = folder.assetcatalog; name = Images.xcassets; path = Resources/Images.xcassets; sourceTree = "<group>"; };
		17949ED818367F790091F2EC /* EKEvent+NSCoder.h */ = {isa = PBXFileReference; fileEncoding = 4; lastKnownFileType = sourcecode.c.h; name = "EKEvent+NSCoder.h"; path = "Categories/EKEvent+NSCoder.h"; sourceTree = "<group>"; };
		17949ED918367F790091F2EC /* EKEvent+NSCoder.m */ = {isa = PBXFileReference; fileEncoding = 4; lastKnownFileType = sourcecode.c.objc; name = "EKEvent+NSCoder.m"; path = "Categories/EKEvent+NSCoder.m"; sourceTree = "<group>"; };
		17D6BB481844BC4800EDD23C /* DSChannelDelegate.h */ = {isa = PBXFileReference; fileEncoding = 4; lastKnownFileType = sourcecode.c.h; name = DSChannelDelegate.h; path = Networking/DSChannelDelegate.h; sourceTree = "<group>"; };
		17D6BB491844BC4800EDD23C /* DSChannelDelegate.m */ = {isa = PBXFileReference; fileEncoding = 4; lastKnownFileType = sourcecode.c.objc; name = DSChannelDelegate.m; path = Networking/DSChannelDelegate.m; sourceTree = "<group>"; };
		8E2C008FE84240AEBE77713A /* Pods.xcconfig */ = {isa = PBXFileReference; includeInIndex = 1; lastKnownFileType = text.xcconfig; name = Pods.xcconfig; path = Pods/Pods.xcconfig; sourceTree = "<group>"; };
		A5FD9BBF8D6A4D94A8F32C87 /* libPods.a */ = {isa = PBXFileReference; explicitFileType = archive.ar; includeInIndex = 0; path = libPods.a; sourceTree = BUILT_PRODUCTS_DIR; };
/* End PBXFileReference section */

/* Begin PBXFrameworksBuildPhase section */
		17949E9E1836793D0091F2EC /* Frameworks */ = {
			isa = PBXFrameworksBuildPhase;
			buildActionMask = 2147483647;
			files = (
				177848E218438F32006FC012 /* AddressBook.framework in Frameworks */,
				173C3A1C183689C1009E2F55 /* QuartzCore.framework in Frameworks */,
				173C3A151836896B009E2F55 /* AppKit.framework in Frameworks */,
				173C3A171836896B009E2F55 /* Foundation.framework in Frameworks */,
				173C3A1318368921009E2F55 /* EventKit.framework in Frameworks */,
				17949EA51836793D0091F2EC /* Cocoa.framework in Frameworks */,
				95AB0464756C40D4A3AB6A75 /* libPods.a in Frameworks */,
			);
			runOnlyForDeploymentPostprocessing = 0;
		};
/* End PBXFrameworksBuildPhase section */

/* Begin PBXGroup section */
		17949E981836793D0091F2EC = {
			isa = PBXGroup;
			children = (
				177ECAE11837B3360030A4F6 /* README.md */,
				17949EAA1836793D0091F2EC /* DeviceSync */,
				17949EA31836793D0091F2EC /* Frameworks */,
				17949EA21836793D0091F2EC /* Products */,
				8E2C008FE84240AEBE77713A /* Pods.xcconfig */,
			);
			sourceTree = "<group>";
		};
		17949EA21836793D0091F2EC /* Products */ = {
			isa = PBXGroup;
			children = (
				17949EA11836793D0091F2EC /* DeviceSync.app */,
			);
			name = Products;
			sourceTree = "<group>";
		};
		17949EA31836793D0091F2EC /* Frameworks */ = {
			isa = PBXGroup;
			children = (
				177848E118438F32006FC012 /* AddressBook.framework */,
				173C3A1218368921009E2F55 /* EventKit.framework */,
				17949EA71836793D0091F2EC /* AppKit.framework */,
				173C3A1B183689C1009E2F55 /* QuartzCore.framework */,
				17949EA91836793D0091F2EC /* Foundation.framework */,
				17949EA41836793D0091F2EC /* Cocoa.framework */,
				A5FD9BBF8D6A4D94A8F32C87 /* libPods.a */,
			);
			name = Frameworks;
			sourceTree = "<group>";
		};
		17949EAA1836793D0091F2EC /* DeviceSync */ = {
			isa = PBXGroup;
			children = (
				173C3A11183685E2009E2F55 /* DSProtocol.h */,
				17949EB61836793D0091F2EC /* DSAppDelegate.h */,
				17949EB71836793D0091F2EC /* DSAppDelegate.m */,
				17D6BB4B1844BC7600EDD23C /* Networking */,
				17949EDB18367F800091F2EC /* Categories */,
				17D6BB4C1844BC9000EDD23C /* Resources */,
				17949EAB1836793D0091F2EC /* SupportingFiles */,
			);
			path = DeviceSync;
			sourceTree = "<group>";
		};
		17949EAB1836793D0091F2EC /* SupportingFiles */ = {
			isa = PBXGroup;
			children = (
				173C3A1D18368B21009E2F55 /* main.m */,
				17949EAC1836793D0091F2EC /* DeviceSync-Info.plist */,
				17949EAD1836793D0091F2EC /* InfoPlist.strings */,
				17949EB21836793D0091F2EC /* DeviceSync-Prefix.pch */,
				17949EB31836793D0091F2EC /* Credits.rtf */,
			);
			name = SupportingFiles;
			sourceTree = "<group>";
		};
		17949EDB18367F800091F2EC /* Categories */ = {
			isa = PBXGroup;
			children = (
				17949ED818367F790091F2EC /* EKEvent+NSCoder.h */,
				17949ED918367F790091F2EC /* EKEvent+NSCoder.m */,
			);
			name = Categories;
			sourceTree = "<group>";
		};
		17D6BB4B1844BC7600EDD23C /* Networking */ = {
			isa = PBXGroup;
			children = (
				17D6BB481844BC4800EDD23C /* DSChannelDelegate.h */,
				17D6BB491844BC4800EDD23C /* DSChannelDelegate.m */,
			);
			name = Networking;
			sourceTree = "<group>";
		};
		17D6BB4C1844BC9000EDD23C /* Resources */ = {
			isa = PBXGroup;
			children = (
				177ECADE183692E60030A4F6 /* MainWindow.xib */,
				17949EBC1836793D0091F2EC /* Images.xcassets */,
			);
			name = Resources;
			sourceTree = "<group>";
		};
/* End PBXGroup section */

/* Begin PBXNativeTarget section */
		17949EA01836793D0091F2EC /* DeviceSync */ = {
			isa = PBXNativeTarget;
			buildConfigurationList = 17949ED21836793D0091F2EC /* Build configuration list for PBXNativeTarget "DeviceSync" */;
			buildPhases = (
				887350D880304CB5BB90F621 /* Check Pods Manifest.lock */,
				17949E9D1836793D0091F2EC /* Sources */,
				17949E9E1836793D0091F2EC /* Frameworks */,
				17949E9F1836793D0091F2EC /* Resources */,
				08308530DB29467DAC9531A9 /* Copy Pods Resources */,
			);
			buildRules = (
			);
			dependencies = (
			);
			name = DeviceSync;
			productName = DeviceSync;
			productReference = 17949EA11836793D0091F2EC /* DeviceSync.app */;
			productType = "com.apple.product-type.application";
		};
/* End PBXNativeTarget section */

/* Begin PBXProject section */
		17949E991836793D0091F2EC /* Project object */ = {
			isa = PBXProject;
			attributes = {
				CLASSPREFIX = DS;
				LastUpgradeCheck = 0500;
			};
			buildConfigurationList = 17949E9C1836793D0091F2EC /* Build configuration list for PBXProject "DeviceSync" */;
			compatibilityVersion = "Xcode 3.2";
			developmentRegion = English;
			hasScannedForEncodings = 0;
			knownRegions = (
				en,
				Base,
			);
			mainGroup = 17949E981836793D0091F2EC;
			productRefGroup = 17949EA21836793D0091F2EC /* Products */;
			projectDirPath = "";
			projectRoot = "";
			targets = (
				17949EA01836793D0091F2EC /* DeviceSync */,
			);
		};
/* End PBXProject section */

/* Begin PBXResourcesBuildPhase section */
		17949E9F1836793D0091F2EC /* Resources */ = {
			isa = PBXResourcesBuildPhase;
			buildActionMask = 2147483647;
			files = (
				177ECAE0183692E60030A4F6 /* MainWindow.xib in Resources */,
				17949EAF1836793D0091F2EC /* InfoPlist.strings in Resources */,
				177ECAE21837B3360030A4F6 /* README.md in Resources */,
				17949EBD1836793D0091F2EC /* Images.xcassets in Resources */,
				17949EB51836793D0091F2EC /* Credits.rtf in Resources */,
			);
			runOnlyForDeploymentPostprocessing = 0;
		};
/* End PBXResourcesBuildPhase section */

/* Begin PBXShellScriptBuildPhase section */
		08308530DB29467DAC9531A9 /* Copy Pods Resources */ = {
			isa = PBXShellScriptBuildPhase;
			buildActionMask = 2147483647;
			files = (
			);
			inputPaths = (
			);
			name = "Copy Pods Resources";
			outputPaths = (
			);
			runOnlyForDeploymentPostprocessing = 0;
			shellPath = /bin/sh;
			shellScript = "\"${SRCROOT}/Pods/Pods-resources.sh\"\n";
			showEnvVarsInLog = 0;
		};
		887350D880304CB5BB90F621 /* Check Pods Manifest.lock */ = {
			isa = PBXShellScriptBuildPhase;
			buildActionMask = 2147483647;
			files = (
			);
			inputPaths = (
			);
			name = "Check Pods Manifest.lock";
			outputPaths = (
			);
			runOnlyForDeploymentPostprocessing = 0;
			shellPath = /bin/sh;
			shellScript = "diff \"${PODS_ROOT}/../Podfile.lock\" \"${PODS_ROOT}/Manifest.lock\" > /dev/null\nif [[ $? != 0 ]] ; then\n    cat << EOM\nerror: The sandbox is not in sync with the Podfile.lock. Run 'pod install' or update your CocoaPods installation.\nEOM\n    exit 1\nfi\n";
			showEnvVarsInLog = 0;
		};
/* End PBXShellScriptBuildPhase section */

/* Begin PBXSourcesBuildPhase section */
		17949E9D1836793D0091F2EC /* Sources */ = {
			isa = PBXSourcesBuildPhase;
			buildActionMask = 2147483647;
			files = (
				17949EDA18367F790091F2EC /* EKEvent+NSCoder.m in Sources */,
				17D6BB4A1844BC4800EDD23C /* DSChannelDelegate.m in Sources */,
				173C3A1E18368B21009E2F55 /* main.m in Sources */,
				17949EB81836793D0091F2EC /* DSAppDelegate.m in Sources */,
			);
			runOnlyForDeploymentPostprocessing = 0;
		};
/* End PBXSourcesBuildPhase section */

/* Begin PBXVariantGroup section */
		177ECADE183692E60030A4F6 /* MainWindow.xib */ = {
			isa = PBXVariantGroup;
			children = (
				177ECADF183692E60030A4F6 /* Base */,
			);
			name = MainWindow.xib;
			sourceTree = "<group>";
		};
		17949EAD1836793D0091F2EC /* InfoPlist.strings */ = {
			isa = PBXVariantGroup;
			children = (
				17949EAE1836793D0091F2EC /* en */,
			);
			name = InfoPlist.strings;
			sourceTree = "<group>";
		};
		17949EB31836793D0091F2EC /* Credits.rtf */ = {
			isa = PBXVariantGroup;
			children = (
				17949EB41836793D0091F2EC /* en */,
			);
			name = Credits.rtf;
			sourceTree = "<group>";
		};
/* End PBXVariantGroup section */

/* Begin XCBuildConfiguration section */
		17949ED01836793D0091F2EC /* Debug */ = {
			isa = XCBuildConfiguration;
			buildSettings = {
				ALWAYS_SEARCH_USER_PATHS = NO;
				CLANG_CXX_LANGUAGE_STANDARD = "gnu++0x";
				CLANG_CXX_LIBRARY = "libc++";
				CLANG_ENABLE_OBJC_ARC = YES;
				CLANG_WARN_BOOL_CONVERSION = YES;
				CLANG_WARN_CONSTANT_CONVERSION = YES;
				CLANG_WARN_DIRECT_OBJC_ISA_USAGE = YES_ERROR;
				CLANG_WARN_EMPTY_BODY = YES;
				CLANG_WARN_ENUM_CONVERSION = YES;
				CLANG_WARN_INT_CONVERSION = YES;
				CLANG_WARN_OBJC_ROOT_CLASS = YES_ERROR;
				CLANG_WARN__DUPLICATE_METHOD_MATCH = YES;
				COPY_PHASE_STRIP = NO;
				GCC_C_LANGUAGE_STANDARD = gnu99;
				GCC_DYNAMIC_NO_PIC = NO;
				GCC_ENABLE_OBJC_EXCEPTIONS = YES;
				GCC_OPTIMIZATION_LEVEL = 0;
				GCC_PREPROCESSOR_DEFINITIONS = (
					"DEBUG=1",
					"$(inherited)",
				);
				GCC_SYMBOLS_PRIVATE_EXTERN = NO;
				GCC_WARN_64_TO_32_BIT_CONVERSION = YES;
				GCC_WARN_ABOUT_RETURN_TYPE = YES_ERROR;
				GCC_WARN_UNDECLARED_SELECTOR = YES;
				GCC_WARN_UNINITIALIZED_AUTOS = YES;
				GCC_WARN_UNUSED_FUNCTION = YES;
				GCC_WARN_UNUSED_VARIABLE = YES;
				MACOSX_DEPLOYMENT_TARGET = 10.9;
				ONLY_ACTIVE_ARCH = YES;
				SDKROOT = macosx;
			};
			name = Debug;
		};
		17949ED11836793D0091F2EC /* Release */ = {
			isa = XCBuildConfiguration;
			buildSettings = {
				ALWAYS_SEARCH_USER_PATHS = NO;
				CLANG_CXX_LANGUAGE_STANDARD = "gnu++0x";
				CLANG_CXX_LIBRARY = "libc++";
				CLANG_ENABLE_OBJC_ARC = YES;
				CLANG_WARN_BOOL_CONVERSION = YES;
				CLANG_WARN_CONSTANT_CONVERSION = YES;
				CLANG_WARN_DIRECT_OBJC_ISA_USAGE = YES_ERROR;
				CLANG_WARN_EMPTY_BODY = YES;
				CLANG_WARN_ENUM_CONVERSION = YES;
				CLANG_WARN_INT_CONVERSION = YES;
				CLANG_WARN_OBJC_ROOT_CLASS = YES_ERROR;
				CLANG_WARN__DUPLICATE_METHOD_MATCH = YES;
				COPY_PHASE_STRIP = YES;
				DEBUG_INFORMATION_FORMAT = "dwarf-with-dsym";
				ENABLE_NS_ASSERTIONS = NO;
				GCC_C_LANGUAGE_STANDARD = gnu99;
				GCC_ENABLE_OBJC_EXCEPTIONS = YES;
				GCC_WARN_64_TO_32_BIT_CONVERSION = YES;
				GCC_WARN_ABOUT_RETURN_TYPE = YES_ERROR;
				GCC_WARN_UNDECLARED_SELECTOR = YES;
				GCC_WARN_UNINITIALIZED_AUTOS = YES;
				GCC_WARN_UNUSED_FUNCTION = YES;
				GCC_WARN_UNUSED_VARIABLE = YES;
				MACOSX_DEPLOYMENT_TARGET = 10.9;
				SDKROOT = macosx;
			};
			name = Release;
		};
		17949ED31836793D0091F2EC /* Debug */ = {
			isa = XCBuildConfiguration;
			baseConfigurationReference = 8E2C008FE84240AEBE77713A /* Pods.xcconfig */;
			buildSettings = {
				ASSETCATALOG_COMPILER_APPICON_NAME = AppIcon;
				COMBINE_HIDPI_IMAGES = YES;
				FRAMEWORK_SEARCH_PATHS = (
					"$(inherited)",
					"$(DEVELOPER_FRAMEWORKS_DIR)",
				);
				GCC_PRECOMPILE_PREFIX_HEADER = YES;
				GCC_PREFIX_HEADER = "DeviceSync/SupportingFiles/DeviceSync-Prefix.pch";
				INFOPLIST_FILE = "DeviceSync/SupportingFiles/DeviceSync-Info.plist";
				PRODUCT_NAME = "$(TARGET_NAME)";
				WRAPPER_EXTENSION = app;
			};
			name = Debug;
		};
		17949ED41836793D0091F2EC /* Release */ = {
			isa = XCBuildConfiguration;
			baseConfigurationReference = 8E2C008FE84240AEBE77713A /* Pods.xcconfig */;
			buildSettings = {
				ASSETCATALOG_COMPILER_APPICON_NAME = AppIcon;
				COMBINE_HIDPI_IMAGES = YES;
				FRAMEWORK_SEARCH_PATHS = (
					"$(inherited)",
					"$(DEVELOPER_FRAMEWORKS_DIR)",
				);
				GCC_PRECOMPILE_PREFIX_HEADER = YES;
				GCC_PREFIX_HEADER = "DeviceSync/SupportingFiles/DeviceSync-Prefix.pch";
				INFOPLIST_FILE = "DeviceSync/SupportingFiles/DeviceSync-Info.plist";
				PRODUCT_NAME = "$(TARGET_NAME)";
				WRAPPER_EXTENSION = app;
			};
			name = Release;
		};
/* End XCBuildConfiguration section */

/* Begin XCConfigurationList section */
		17949E9C1836793D0091F2EC /* Build configuration list for PBXProject "DeviceSync" */ = {
			isa = XCConfigurationList;
			buildConfigurations = (
				17949ED01836793D0091F2EC /* Debug */,
				17949ED11836793D0091F2EC /* Release */,
			);
			defaultConfigurationIsVisible = 0;
			defaultConfigurationName = Release;
		};
		17949ED21836793D0091F2EC /* Build configuration list for PBXNativeTarget "DeviceSync" */ = {
			isa = XCConfigurationList;
			buildConfigurations = (
				17949ED31836793D0091F2EC /* Debug */,
				17949ED41836793D0091F2EC /* Release */,
			);
			defaultConfigurationIsVisible = 0;
			defaultConfigurationName = Release;
		};
/* End XCConfigurationList section */
	};
	rootObject = 17949E991836793D0091F2EC /* Project object */;
}
